
Microsoft Visual Studio Solution File, Format Version 12.00
# Visual Studio Version 17
Project("{2150E333-8FDC-42A3-9474-1A3956D46DE8}") = "CMakePredefinedTargets", "CMakePredefinedTargets", "{357787D1-01A9-3215-8468-11ABAD3156CC}"
EndProject
Project("{2150E333-8FDC-42A3-9474-1A3956D46DE8}") = "GLFW3", "GLFW3", "{649D0041-380D-3059-83B9-1B80831591D1}"
EndProject
Project("{2150E333-8FDC-42A3-9474-1A3956D46DE8}") = "Examples", "GLFW3\Examples", "{F71A8980-D9E4-3BA1-9486-2270B41AB10E}"
EndProject
Project("{2150E333-8FDC-42A3-9474-1A3956D46DE8}") = "Tests", "GLFW3\Tests", "{E04F7EA4-3043-3634-B9C6-B0C0092CD2BD}"
EndProject
Project("{8BC9CEB8-8B4A-11D0-8D11-00A0C91BC942}") = "ALL_BUILD", "ALL_BUILD.vcxproj", "{696F3996-1F09-382E-902C-022FE42B429D}"
	ProjectSection(ProjectDependencies) = postProject
		{B671D66D-C4E4-3A7C-AB5F-49F8D62B1055} = {B671D66D-C4E4-3A7C-AB5F-49F8D62B1055}
		{859CF45D-5886-356E-8AF7-86BB2E1E47C1} = {859CF45D-5886-356E-8AF7-86BB2E1E47C1}
		{9BFBDA1C-8E34-3B1F-AAB0-A773636062CE} = {9BFBDA1C-8E34-3B1F-AAB0-A773636062CE}
		{A7429D9A-97A1-3B5F-A5B2-B887567264F1} = {A7429D9A-97A1-3B5F-A5B2-B887567264F1}
		{77B9F902-1B40-365B-BE0D-1FA8136BD4BB} = {77B9F902-1B40-365B-BE0D-1FA8136BD4BB}
		{EBD3461A-FB00-3E74-B12E-0C0C6C3B8C6D} = {EBD3461A-FB00-3E74-B12E-0C0C6C3B8C6D}
		{13C69A9C-9F3E-3E4B-B8B5-98C8B1F92399} = {13C69A9C-9F3E-3E4B-B8B5-98C8B1F92399}
		{9761A06E-F4BB-3CC3-9E56-31EE842C8DFA} = {9761A06E-F4BB-3CC3-9E56-31EE842C8DFA}
		{9DE9DBBD-98C0-3070-B7E7-1ED1BFA08C0C} = {9DE9DBBD-98C0-3070-B7E7-1ED1BFA08C0C}
		{8E985A89-94EF-3FE8-BF64-1818D6751750} = {8E985A89-94EF-3FE8-BF64-1818D6751750}
		{D238B4A9-29DC-3608-AB25-4AFFEE8954B9} = {D238B4A9-29DC-3608-AB25-4AFFEE8954B9}
		{D989DCE8-BFAD-3FF5-8401-10A2654788B9} = {D989DCE8-BFAD-3FF5-8401-10A2654788B9}
		{F4C9F760-1D0A-3925-B140-02EC12C8B56A} = {F4C9F760-1D0A-3925-B140-02EC12C8B56A}
		{9F4C83DD-CCE2-3BF7-9F85-9997E6D6ACAA} = {9F4C83DD-CCE2-3BF7-9F85-9997E6D6ACAA}
		{4B2F6D1B-616F-3157-B921-E98DB4BBA8AC} = {4B2F6D1B-616F-3157-B921-E98DB4BBA8AC}
		{EDAD05CF-171C-3C56-9A59-8C8E4D8A5F61} = {EDAD05CF-171C-3C56-9A59-8C8E4D8A5F61}
		{64A35F30-75D5-313D-8E97-3BE908293E21} = {64A35F30-75D5-313D-8E97-3BE908293E21}
		{4BB27C12-5172-3832-AAB4-BC6BFBA6E57B} = {4BB27C12-5172-3832-AAB4-BC6BFBA6E57B}
		{3A90B44A-D3CD-3359-B917-F631624DF072} = {3A90B44A-D3CD-3359-B917-F631624DF072}
		{0261CBA7-85B8-35A8-A1C6-A2CB467882C7} = {0261CBA7-85B8-35A8-A1C6-A2CB467882C7}
		{D53B2BA8-AFC8-3C07-9B14-0F695E0EC167} = {D53B2BA8-AFC8-3C07-9B14-0F695E0EC167}
		{3C9D657A-263A-36C0-B058-287A46E5959B} = {3C9D657A-263A-36C0-B058-287A46E5959B}
		{615AB8F2-B389-32CE-BBE8-37A0A05251F1} = {615AB8F2-B389-32CE-BBE8-37A0A05251F1}
		{252AC784-BC5F-36C9-A416-ED0C09783322} = {252AC784-BC5F-36C9-A416-ED0C09783322}
		{0CCBD36F-4055-3CF7-9ADE-ADAB5C010556} = {0CCBD36F-4055-3CF7-9ADE-ADAB5C010556}
		{A8E016F7-557E-3EF2-B30E-0BE3FA4A38BA} = {A8E016F7-557E-3EF2-B30E-0BE3FA4A38BA}
		{52709540-B3D6-3C15-A852-7A166D132D10} = {52709540-B3D6-3C15-A852-7A166D132D10}
		{B3A47AC1-4C0A-3049-93CF-2CC022BC51C6} = {B3A47AC1-4C0A-3049-93CF-2CC022BC51C6}
		{8F8DCC98-8F5B-3F3C-9E53-677C5A54476C} = {8F8DCC98-8F5B-3F3C-9E53-677C5A54476C}
		{CA63ADE1-1A6E-3A99-A704-818411AC2DE3} = {CA63ADE1-1A6E-3A99-A704-818411AC2DE3}
		{FB72CC20-A4E8-341C-8745-354E4DEDBABA} = {FB72CC20-A4E8-341C-8745-354E4DEDBABA}
		{D083734D-07F2-3EBA-94A5-8807A2B6DDFE} = {D083734D-07F2-3EBA-94A5-8807A2B6DDFE}
		{D158D136-9407-34B3-90CE-206DCD369E23} = {D158D136-9407-34B3-90CE-206DCD369E23}
		{0BF53116-8A6B-3DD5-A366-C70FDF55E2D4} = {0BF53116-8A6B-3DD5-A366-C70FDF55E2D4}
		{CC33520D-54D2-3C54-BE22-E0D4628C33FE} = {CC33520D-54D2-3C54-BE22-E0D4628C33FE}
	EndProjectSection
EndProject
Project("{8BC9CEB8-8B4A-11D0-8D11-00A0C91BC942}") = "INSTALL", "INSTALL.vcxproj", "{E3E95576-59DB-3E4B-B29A-0B5CB4C9FCED}"
	ProjectSection(ProjectDependencies) = postProject
		{696F3996-1F09-382E-902C-022FE42B429D} = {696F3996-1F09-382E-902C-022FE42B429D}
		{859CF45D-5886-356E-8AF7-86BB2E1E47C1} = {859CF45D-5886-356E-8AF7-86BB2E1E47C1}
	EndProjectSection
EndProject
Project("{8BC9CEB8-8B4A-11D0-8D11-00A0C91BC942}") = "Space_Explorer", "Space_Explorer.vcxproj", "{B671D66D-C4E4-3A7C-AB5F-49F8D62B1055}"
	ProjectSection(ProjectDependencies) = postProject
		{859CF45D-5886-356E-8AF7-86BB2E1E47C1} = {859CF45D-5886-356E-8AF7-86BB2E1E47C1}
		{9BFBDA1C-8E34-3B1F-AAB0-A773636062CE} = {9BFBDA1C-8E34-3B1F-AAB0-A773636062CE}
		{D238B4A9-29DC-3608-AB25-4AFFEE8954B9} = {D238B4A9-29DC-3608-AB25-4AFFEE8954B9}
		{CC33520D-54D2-3C54-BE22-E0D4628C33FE} = {CC33520D-54D2-3C54-BE22-E0D4628C33FE}
	EndProjectSection
EndProject
Project("{8BC9CEB8-8B4A-11D0-8D11-00A0C91BC942}") = "UpdateAssimpLibsDebugSymbolsAndDLLs", "include\assimp\UpdateAssimpLibsDebugSymbolsAndDLLs.vcxproj", "{CE6AC81A-C8CF-30D3-A02D-67DFBF7F2A1C}"
	ProjectSection(ProjectDependencies) = postProject
		{859CF45D-5886-356E-8AF7-86BB2E1E47C1} = {859CF45D-5886-356E-8AF7-86BB2E1E47C1}
	EndProjectSection
EndProject
Project("{8BC9CEB8-8B4A-11D0-8D11-00A0C91BC942}") = "ZERO_CHECK", "ZERO_CHECK.vcxproj", "{859CF45D-5886-356E-8AF7-86BB2E1E47C1}"
	ProjectSection(ProjectDependencies) = postProject
	EndProjectSection
EndProject
Project("{8BC9CEB8-8B4A-11D0-8D11-00A0C91BC942}") = "assimp", "include\assimp\code\assimp.vcxproj", "{9BFBDA1C-8E34-3B1F-AAB0-A773636062CE}"
	ProjectSection(ProjectDependencies) = postProject
		{859CF45D-5886-356E-8AF7-86BB2E1E47C1} = {859CF45D-5886-356E-8AF7-86BB2E1E47C1}
		{CC33520D-54D2-3C54-BE22-E0D4628C33FE} = {CC33520D-54D2-3C54-BE22-E0D4628C33FE}
	EndProjectSection
EndProject
Project("{8BC9CEB8-8B4A-11D0-8D11-00A0C91BC942}") = "boing", "include\glfw\examples\boing.vcxproj", "{A7429D9A-97A1-3B5F-A5B2-B887567264F1}"
	ProjectSection(ProjectDependencies) = postProject
		{859CF45D-5886-356E-8AF7-86BB2E1E47C1} = {859CF45D-5886-356E-8AF7-86BB2E1E47C1}
		{D238B4A9-29DC-3608-AB25-4AFFEE8954B9} = {D238B4A9-29DC-3608-AB25-4AFFEE8954B9}
	EndProjectSection
EndProject
Project("{8BC9CEB8-8B4A-11D0-8D11-00A0C91BC942}") = "clipboard", "include\glfw\tests\clipboard.vcxproj", "{77B9F902-1B40-365B-BE0D-1FA8136BD4BB}"
	ProjectSection(ProjectDependencies) = postProject
		{859CF45D-5886-356E-8AF7-86BB2E1E47C1} = {859CF45D-5886-356E-8AF7-86BB2E1E47C1}
		{D238B4A9-29DC-3608-AB25-4AFFEE8954B9} = {D238B4A9-29DC-3608-AB25-4AFFEE8954B9}
	EndProjectSection
EndProject
Project("{8BC9CEB8-8B4A-11D0-8D11-00A0C91BC942}") = "cursor", "include\glfw\tests\cursor.vcxproj", "{EBD3461A-FB00-3E74-B12E-0C0C6C3B8C6D}"
	ProjectSection(ProjectDependencies) = postProject
		{859CF45D-5886-356E-8AF7-86BB2E1E47C1} = {859CF45D-5886-356E-8AF7-86BB2E1E47C1}
		{D238B4A9-29DC-3608-AB25-4AFFEE8954B9} = {D238B4A9-29DC-3608-AB25-4AFFEE8954B9}
	EndProjectSection
EndProject
Project("{8BC9CEB8-8B4A-11D0-8D11-00A0C91BC942}") = "empty", "include\glfw\tests\empty.vcxproj", "{13C69A9C-9F3E-3E4B-B8B5-98C8B1F92399}"
	ProjectSection(ProjectDependencies) = postProject
		{859CF45D-5886-356E-8AF7-86BB2E1E47C1} = {859CF45D-5886-356E-8AF7-86BB2E1E47C1}
		{D238B4A9-29DC-3608-AB25-4AFFEE8954B9} = {D238B4A9-29DC-3608-AB25-4AFFEE8954B9}
	EndProjectSection
EndProject
Project("{8BC9CEB8-8B4A-11D0-8D11-00A0C91BC942}") = "events", "include\glfw\tests\events.vcxproj", "{9761A06E-F4BB-3CC3-9E56-31EE842C8DFA}"
	ProjectSection(ProjectDependencies) = postProject
		{859CF45D-5886-356E-8AF7-86BB2E1E47C1} = {859CF45D-5886-356E-8AF7-86BB2E1E47C1}
		{D238B4A9-29DC-3608-AB25-4AFFEE8954B9} = {D238B4A9-29DC-3608-AB25-4AFFEE8954B9}
	EndProjectSection
EndProject
Project("{8BC9CEB8-8B4A-11D0-8D11-00A0C91BC942}") = "gamma", "include\glfw\tests\gamma.vcxproj", "{9DE9DBBD-98C0-3070-B7E7-1ED1BFA08C0C}"
	ProjectSection(ProjectDependencies) = postProject
		{859CF45D-5886-356E-8AF7-86BB2E1E47C1} = {859CF45D-5886-356E-8AF7-86BB2E1E47C1}
		{D238B4A9-29DC-3608-AB25-4AFFEE8954B9} = {D238B4A9-29DC-3608-AB25-4AFFEE8954B9}
	EndProjectSection
EndProject
Project("{8BC9CEB8-8B4A-11D0-8D11-00A0C91BC942}") = "gears", "include\glfw\examples\gears.vcxproj", "{8E985A89-94EF-3FE8-BF64-1818D6751750}"
	ProjectSection(ProjectDependencies) = postProject
		{859CF45D-5886-356E-8AF7-86BB2E1E47C1} = {859CF45D-5886-356E-8AF7-86BB2E1E47C1}
		{D238B4A9-29DC-3608-AB25-4AFFEE8954B9} = {D238B4A9-29DC-3608-AB25-4AFFEE8954B9}
	EndProjectSection
EndProject
Project("{8BC9CEB8-8B4A-11D0-8D11-00A0C91BC942}") = "glfw", "include\glfw\src\glfw.vcxproj", "{D238B4A9-29DC-3608-AB25-4AFFEE8954B9}"
	ProjectSection(ProjectDependencies) = postProject
		{859CF45D-5886-356E-8AF7-86BB2E1E47C1} = {859CF45D-5886-356E-8AF7-86BB2E1E47C1}
	EndProjectSection
EndProject
Project("{8BC9CEB8-8B4A-11D0-8D11-00A0C91BC942}") = "glfwinfo", "include\glfw\tests\glfwinfo.vcxproj", "{D989DCE8-BFAD-3FF5-8401-10A2654788B9}"
	ProjectSection(ProjectDependencies) = postProject
		{859CF45D-5886-356E-8AF7-86BB2E1E47C1} = {859CF45D-5886-356E-8AF7-86BB2E1E47C1}
		{D238B4A9-29DC-3608-AB25-4AFFEE8954B9} = {D238B4A9-29DC-3608-AB25-4AFFEE8954B9}
	EndProjectSection
EndProject
Project("{8BC9CEB8-8B4A-11D0-8D11-00A0C91BC942}") = "heightmap", "include\glfw\examples\heightmap.vcxproj", "{F4C9F760-1D0A-3925-B140-02EC12C8B56A}"
	ProjectSection(ProjectDependencies) = postProject
		{859CF45D-5886-356E-8AF7-86BB2E1E47C1} = {859CF45D-5886-356E-8AF7-86BB2E1E47C1}
		{D238B4A9-29DC-3608-AB25-4AFFEE8954B9} = {D238B4A9-29DC-3608-AB25-4AFFEE8954B9}
	EndProjectSection
EndProject
Project("{8BC9CEB8-8B4A-11D0-8D11-00A0C91BC942}") = "icon", "include\glfw\tests\icon.vcxproj", "{9F4C83DD-CCE2-3BF7-9F85-9997E6D6ACAA}"
	ProjectSection(ProjectDependencies) = postProject
		{859CF45D-5886-356E-8AF7-86BB2E1E47C1} = {859CF45D-5886-356E-8AF7-86BB2E1E47C1}
		{D238B4A9-29DC-3608-AB25-4AFFEE8954B9} = {D238B4A9-29DC-3608-AB25-4AFFEE8954B9}
	EndProjectSection
EndProject
Project("{8BC9CEB8-8B4A-11D0-8D11-00A0C91BC942}") = "iconify", "include\glfw\tests\iconify.vcxproj", "{4B2F6D1B-616F-3157-B921-E98DB4BBA8AC}"
	ProjectSection(ProjectDependencies) = postProject
		{859CF45D-5886-356E-8AF7-86BB2E1E47C1} = {859CF45D-5886-356E-8AF7-86BB2E1E47C1}
		{D238B4A9-29DC-3608-AB25-4AFFEE8954B9} = {D238B4A9-29DC-3608-AB25-4AFFEE8954B9}
	EndProjectSection
EndProject
Project("{8BC9CEB8-8B4A-11D0-8D11-00A0C91BC942}") = "inputlag", "include\glfw\tests\inputlag.vcxproj", "{EDAD05CF-171C-3C56-9A59-8C8E4D8A5F61}"
	ProjectSection(ProjectDependencies) = postProject
		{859CF45D-5886-356E-8AF7-86BB2E1E47C1} = {859CF45D-5886-356E-8AF7-86BB2E1E47C1}
		{D238B4A9-29DC-3608-AB25-4AFFEE8954B9} = {D238B4A9-29DC-3608-AB25-4AFFEE8954B9}
	EndProjectSection
EndProject
Project("{8BC9CEB8-8B4A-11D0-8D11-00A0C91BC942}") = "joysticks", "include\glfw\tests\joysticks.vcxproj", "{64A35F30-75D5-313D-8E97-3BE908293E21}"
	ProjectSection(ProjectDependencies) = postProject
		{859CF45D-5886-356E-8AF7-86BB2E1E47C1} = {859CF45D-5886-356E-8AF7-86BB2E1E47C1}
		{D238B4A9-29DC-3608-AB25-4AFFEE8954B9} = {D238B4A9-29DC-3608-AB25-4AFFEE8954B9}
	EndProjectSection
EndProject
Project("{8BC9CEB8-8B4A-11D0-8D11-00A0C91BC942}") = "monitors", "include\glfw\tests\monitors.vcxproj", "{4BB27C12-5172-3832-AAB4-BC6BFBA6E57B}"
	ProjectSection(ProjectDependencies) = postProject
		{859CF45D-5886-356E-8AF7-86BB2E1E47C1} = {859CF45D-5886-356E-8AF7-86BB2E1E47C1}
		{D238B4A9-29DC-3608-AB25-4AFFEE8954B9} = {D238B4A9-29DC-3608-AB25-4AFFEE8954B9}
	EndProjectSection
EndProject
Project("{8BC9CEB8-8B4A-11D0-8D11-00A0C91BC942}") = "msaa", "include\glfw\tests\msaa.vcxproj", "{3A90B44A-D3CD-3359-B917-F631624DF072}"
	ProjectSection(ProjectDependencies) = postProject
		{859CF45D-5886-356E-8AF7-86BB2E1E47C1} = {859CF45D-5886-356E-8AF7-86BB2E1E47C1}
		{D238B4A9-29DC-3608-AB25-4AFFEE8954B9} = {D238B4A9-29DC-3608-AB25-4AFFEE8954B9}
	EndProjectSection
EndProject
Project("{8BC9CEB8-8B4A-11D0-8D11-00A0C91BC942}") = "offscreen", "include\glfw\examples\offscreen.vcxproj", "{0261CBA7-85B8-35A8-A1C6-A2CB467882C7}"
	ProjectSection(ProjectDependencies) = postProject
		{859CF45D-5886-356E-8AF7-86BB2E1E47C1} = {859CF45D-5886-356E-8AF7-86BB2E1E47C1}
		{D238B4A9-29DC-3608-AB25-4AFFEE8954B9} = {D238B4A9-29DC-3608-AB25-4AFFEE8954B9}
	EndProjectSection
EndProject
Project("{8BC9CEB8-8B4A-11D0-8D11-00A0C91BC942}") = "opacity", "include\glfw\tests\opacity.vcxproj", "{D53B2BA8-AFC8-3C07-9B14-0F695E0EC167}"
	ProjectSection(ProjectDependencies) = postProject
		{859CF45D-5886-356E-8AF7-86BB2E1E47C1} = {859CF45D-5886-356E-8AF7-86BB2E1E47C1}
		{D238B4A9-29DC-3608-AB25-4AFFEE8954B9} = {D238B4A9-29DC-3608-AB25-4AFFEE8954B9}
	EndProjectSection
EndProject
Project("{8BC9CEB8-8B4A-11D0-8D11-00A0C91BC942}") = "particles", "include\glfw\examples\particles.vcxproj", "{3C9D657A-263A-36C0-B058-287A46E5959B}"
	ProjectSection(ProjectDependencies) = postProject
		{859CF45D-5886-356E-8AF7-86BB2E1E47C1} = {859CF45D-5886-356E-8AF7-86BB2E1E47C1}
		{D238B4A9-29DC-3608-AB25-4AFFEE8954B9} = {D238B4A9-29DC-3608-AB25-4AFFEE8954B9}
	EndProjectSection
EndProject
Project("{8BC9CEB8-8B4A-11D0-8D11-00A0C91BC942}") = "reopen", "include\glfw\tests\reopen.vcxproj", "{615AB8F2-B389-32CE-BBE8-37A0A05251F1}"
	ProjectSection(ProjectDependencies) = postProject
		{859CF45D-5886-356E-8AF7-86BB2E1E47C1} = {859CF45D-5886-356E-8AF7-86BB2E1E47C1}
		{D238B4A9-29DC-3608-AB25-4AFFEE8954B9} = {D238B4A9-29DC-3608-AB25-4AFFEE8954B9}
	EndProjectSection
EndProject
Project("{8BC9CEB8-8B4A-11D0-8D11-00A0C91BC942}") = "sharing", "include\glfw\examples\sharing.vcxproj", "{252AC784-BC5F-36C9-A416-ED0C09783322}"
	ProjectSection(ProjectDependencies) = postProject
		{859CF45D-5886-356E-8AF7-86BB2E1E47C1} = {859CF45D-5886-356E-8AF7-86BB2E1E47C1}
		{D238B4A9-29DC-3608-AB25-4AFFEE8954B9} = {D238B4A9-29DC-3608-AB25-4AFFEE8954B9}
	EndProjectSection
EndProject
Project("{8BC9CEB8-8B4A-11D0-8D11-00A0C91BC942}") = "simple", "include\glfw\examples\simple.vcxproj", "{0CCBD36F-4055-3CF7-9ADE-ADAB5C010556}"
	ProjectSection(ProjectDependencies) = postProject
		{859CF45D-5886-356E-8AF7-86BB2E1E47C1} = {859CF45D-5886-356E-8AF7-86BB2E1E47C1}
		{D238B4A9-29DC-3608-AB25-4AFFEE8954B9} = {D238B4A9-29DC-3608-AB25-4AFFEE8954B9}
	EndProjectSection
EndProject
Project("{8BC9CEB8-8B4A-11D0-8D11-00A0C91BC942}") = "splitview", "include\glfw\examples\splitview.vcxproj", "{A8E016F7-557E-3EF2-B30E-0BE3FA4A38BA}"
	ProjectSection(ProjectDependencies) = postProject
		{859CF45D-5886-356E-8AF7-86BB2E1E47C1} = {859CF45D-5886-356E-8AF7-86BB2E1E47C1}
		{D238B4A9-29DC-3608-AB25-4AFFEE8954B9} = {D238B4A9-29DC-3608-AB25-4AFFEE8954B9}
	EndProjectSection
EndProject
Project("{8BC9CEB8-8B4A-11D0-8D11-00A0C91BC942}") = "tearing", "include\glfw\tests\tearing.vcxproj", "{52709540-B3D6-3C15-A852-7A166D132D10}"
	ProjectSection(ProjectDependencies) = postProject
		{859CF45D-5886-356E-8AF7-86BB2E1E47C1} = {859CF45D-5886-356E-8AF7-86BB2E1E47C1}
		{D238B4A9-29DC-3608-AB25-4AFFEE8954B9} = {D238B4A9-29DC-3608-AB25-4AFFEE8954B9}
	EndProjectSection
EndProject
Project("{8BC9CEB8-8B4A-11D0-8D11-00A0C91BC942}") = "threads", "include\glfw\tests\threads.vcxproj", "{B3A47AC1-4C0A-3049-93CF-2CC022BC51C6}"
	ProjectSection(ProjectDependencies) = postProject
		{859CF45D-5886-356E-8AF7-86BB2E1E47C1} = {859CF45D-5886-356E-8AF7-86BB2E1E47C1}
		{D238B4A9-29DC-3608-AB25-4AFFEE8954B9} = {D238B4A9-29DC-3608-AB25-4AFFEE8954B9}
	EndProjectSection
EndProject
Project("{8BC9CEB8-8B4A-11D0-8D11-00A0C91BC942}") = "timeout", "include\glfw\tests\timeout.vcxproj", "{8F8DCC98-8F5B-3F3C-9E53-677C5A54476C}"
	ProjectSection(ProjectDependencies) = postProject
		{859CF45D-5886-356E-8AF7-86BB2E1E47C1} = {859CF45D-5886-356E-8AF7-86BB2E1E47C1}
		{D238B4A9-29DC-3608-AB25-4AFFEE8954B9} = {D238B4A9-29DC-3608-AB25-4AFFEE8954B9}
	EndProjectSection
EndProject
Project("{8BC9CEB8-8B4A-11D0-8D11-00A0C91BC942}") = "title", "include\glfw\tests\title.vcxproj", "{CA63ADE1-1A6E-3A99-A704-818411AC2DE3}"
	ProjectSection(ProjectDependencies) = postProject
		{859CF45D-5886-356E-8AF7-86BB2E1E47C1} = {859CF45D-5886-356E-8AF7-86BB2E1E47C1}
		{D238B4A9-29DC-3608-AB25-4AFFEE8954B9} = {D238B4A9-29DC-3608-AB25-4AFFEE8954B9}
	EndProjectSection
EndProject
Project("{8BC9CEB8-8B4A-11D0-8D11-00A0C91BC942}") = "triangle-vulkan", "include\glfw\tests\triangle-vulkan.vcxproj", "{FB72CC20-A4E8-341C-8745-354E4DEDBABA}"
	ProjectSection(ProjectDependencies) = postProject
		{859CF45D-5886-356E-8AF7-86BB2E1E47C1} = {859CF45D-5886-356E-8AF7-86BB2E1E47C1}
		{D238B4A9-29DC-3608-AB25-4AFFEE8954B9} = {D238B4A9-29DC-3608-AB25-4AFFEE8954B9}
	EndProjectSection
EndProject
Project("{8BC9CEB8-8B4A-11D0-8D11-00A0C91BC942}") = "uninstall", "include\glfw\uninstall.vcxproj", "{D87E6607-F9E6-3DFB-993C-5EA1774A1A6A}"
	ProjectSection(ProjectDependencies) = postProject
		{859CF45D-5886-356E-8AF7-86BB2E1E47C1} = {859CF45D-5886-356E-8AF7-86BB2E1E47C1}
	EndProjectSection
EndProject
Project("{8BC9CEB8-8B4A-11D0-8D11-00A0C91BC942}") = "unit", "include\assimp\test\unit.vcxproj", "{D083734D-07F2-3EBA-94A5-8807A2B6DDFE}"
	ProjectSection(ProjectDependencies) = postProject
		{859CF45D-5886-356E-8AF7-86BB2E1E47C1} = {859CF45D-5886-356E-8AF7-86BB2E1E47C1}
		{9BFBDA1C-8E34-3B1F-AAB0-A773636062CE} = {9BFBDA1C-8E34-3B1F-AAB0-A773636062CE}
		{CC33520D-54D2-3C54-BE22-E0D4628C33FE} = {CC33520D-54D2-3C54-BE22-E0D4628C33FE}
	EndProjectSection
EndProject
Project("{8BC9CEB8-8B4A-11D0-8D11-00A0C91BC942}") = "update_mappings", "include\glfw\src\update_mappings.vcxproj", "{D353EEC2-45A2-35F1-AE99-9A02FB2756F2}"
	ProjectSection(ProjectDependencies) = postProject
		{859CF45D-5886-356E-8AF7-86BB2E1E47C1} = {859CF45D-5886-356E-8AF7-86BB2E1E47C1}
	EndProjectSection
EndProject
Project("{8BC9CEB8-8B4A-11D0-8D11-00A0C91BC942}") = "wave", "include\glfw\examples\wave.vcxproj", "{D158D136-9407-34B3-90CE-206DCD369E23}"
	ProjectSection(ProjectDependencies) = postProject
		{859CF45D-5886-356E-8AF7-86BB2E1E47C1} = {859CF45D-5886-356E-8AF7-86BB2E1E47C1}
		{D238B4A9-29DC-3608-AB25-4AFFEE8954B9} = {D238B4A9-29DC-3608-AB25-4AFFEE8954B9}
	EndProjectSection
EndProject
Project("{8BC9CEB8-8B4A-11D0-8D11-00A0C91BC942}") = "windows", "include\glfw\tests\windows.vcxproj", "{0BF53116-8A6B-3DD5-A366-C70FDF55E2D4}"
	ProjectSection(ProjectDependencies) = postProject
		{859CF45D-5886-356E-8AF7-86BB2E1E47C1} = {859CF45D-5886-356E-8AF7-86BB2E1E47C1}
		{D238B4A9-29DC-3608-AB25-4AFFEE8954B9} = {D238B4A9-29DC-3608-AB25-4AFFEE8954B9}
	EndProjectSection
EndProject
Project("{8BC9CEB8-8B4A-11D0-8D11-00A0C91BC942}") = "zlibstatic", "include\assimp\contrib\zlib\zlibstatic.vcxproj", "{CC33520D-54D2-3C54-BE22-E0D4628C33FE}"
	ProjectSection(ProjectDependencies) = postProject
		{859CF45D-5886-356E-8AF7-86BB2E1E47C1} = {859CF45D-5886-356E-8AF7-86BB2E1E47C1}
	EndProjectSection
EndProject
Global
	GlobalSection(SolutionConfigurationPlatforms) = preSolution
		Debug|x64 = Debug|x64
		Release|x64 = Release|x64
		MinSizeRel|x64 = MinSizeRel|x64
		RelWithDebInfo|x64 = RelWithDebInfo|x64
	EndGlobalSection
	GlobalSection(ProjectConfigurationPlatforms) = postSolution
		{696F3996-1F09-382E-902C-022FE42B429D}.Debug|x64.ActiveCfg = Debug|x64
		{696F3996-1F09-382E-902C-022FE42B429D}.Debug|x64.Build.0 = Debug|x64
		{696F3996-1F09-382E-902C-022FE42B429D}.Release|x64.ActiveCfg = Release|x64
		{696F3996-1F09-382E-902C-022FE42B429D}.Release|x64.Build.0 = Release|x64
		{696F3996-1F09-382E-902C-022FE42B429D}.MinSizeRel|x64.ActiveCfg = MinSizeRel|x64
		{696F3996-1F09-382E-902C-022FE42B429D}.MinSizeRel|x64.Build.0 = MinSizeRel|x64
		{696F3996-1F09-382E-902C-022FE42B429D}.RelWithDebInfo|x64.ActiveCfg = RelWithDebInfo|x64
		{696F3996-1F09-382E-902C-022FE42B429D}.RelWithDebInfo|x64.Build.0 = RelWithDebInfo|x64
		{E3E95576-59DB-3E4B-B29A-0B5CB4C9FCED}.Debug|x64.ActiveCfg = Debug|x64
		{E3E95576-59DB-3E4B-B29A-0B5CB4C9FCED}.Release|x64.ActiveCfg = Release|x64
		{E3E95576-59DB-3E4B-B29A-0B5CB4C9FCED}.MinSizeRel|x64.ActiveCfg = MinSizeRel|x64
		{E3E95576-59DB-3E4B-B29A-0B5CB4C9FCED}.RelWithDebInfo|x64.ActiveCfg = RelWithDebInfo|x64
		{B671D66D-C4E4-3A7C-AB5F-49F8D62B1055}.Debug|x64.ActiveCfg = Debug|x64
		{B671D66D-C4E4-3A7C-AB5F-49F8D62B1055}.Debug|x64.Build.0 = Debug|x64
		{B671D66D-C4E4-3A7C-AB5F-49F8D62B1055}.Release|x64.ActiveCfg = Release|x64
		{B671D66D-C4E4-3A7C-AB5F-49F8D62B1055}.Release|x64.Build.0 = Release|x64
		{B671D66D-C4E4-3A7C-AB5F-49F8D62B1055}.MinSizeRel|x64.ActiveCfg = MinSizeRel|x64
		{B671D66D-C4E4-3A7C-AB5F-49F8D62B1055}.MinSizeRel|x64.Build.0 = MinSizeRel|x64
		{B671D66D-C4E4-3A7C-AB5F-49F8D62B1055}.RelWithDebInfo|x64.ActiveCfg = RelWithDebInfo|x64
		{B671D66D-C4E4-3A7C-AB5F-49F8D62B1055}.RelWithDebInfo|x64.Build.0 = RelWithDebInfo|x64
		{CE6AC81A-C8CF-30D3-A02D-67DFBF7F2A1C}.Debug|x64.ActiveCfg = Debug|x64
		{CE6AC81A-C8CF-30D3-A02D-67DFBF7F2A1C}.Release|x64.ActiveCfg = Release|x64
		{CE6AC81A-C8CF-30D3-A02D-67DFBF7F2A1C}.MinSizeRel|x64.ActiveCfg = MinSizeRel|x64
		{CE6AC81A-C8CF-30D3-A02D-67DFBF7F2A1C}.RelWithDebInfo|x64.ActiveCfg = RelWithDebInfo|x64
		{859CF45D-5886-356E-8AF7-86BB2E1E47C1}.Debug|x64.ActiveCfg = Debug|x64
		{859CF45D-5886-356E-8AF7-86BB2E1E47C1}.Debug|x64.Build.0 = Debug|x64
		{859CF45D-5886-356E-8AF7-86BB2E1E47C1}.Release|x64.ActiveCfg = Release|x64
		{859CF45D-5886-356E-8AF7-86BB2E1E47C1}.Release|x64.Build.0 = Release|x64
		{859CF45D-5886-356E-8AF7-86BB2E1E47C1}.MinSizeRel|x64.ActiveCfg = MinSizeRel|x64
		{859CF45D-5886-356E-8AF7-86BB2E1E47C1}.MinSizeRel|x64.Build.0 = MinSizeRel|x64
		{859CF45D-5886-356E-8AF7-86BB2E1E47C1}.RelWithDebInfo|x64.ActiveCfg = RelWithDebInfo|x64
		{859CF45D-5886-356E-8AF7-86BB2E1E47C1}.RelWithDebInfo|x64.Build.0 = RelWithDebInfo|x64
		{9BFBDA1C-8E34-3B1F-AAB0-A773636062CE}.Debug|x64.ActiveCfg = Debug|x64
		{9BFBDA1C-8E34-3B1F-AAB0-A773636062CE}.Debug|x64.Build.0 = Debug|x64
		{9BFBDA1C-8E34-3B1F-AAB0-A773636062CE}.Release|x64.ActiveCfg = Release|x64
		{9BFBDA1C-8E34-3B1F-AAB0-A773636062CE}.Release|x64.Build.0 = Release|x64
		{9BFBDA1C-8E34-3B1F-AAB0-A773636062CE}.MinSizeRel|x64.ActiveCfg = MinSizeRel|x64
		{9BFBDA1C-8E34-3B1F-AAB0-A773636062CE}.MinSizeRel|x64.Build.0 = MinSizeRel|x64
		{9BFBDA1C-8E34-3B1F-AAB0-A773636062CE}.RelWithDebInfo|x64.ActiveCfg = RelWithDebInfo|x64
		{9BFBDA1C-8E34-3B1F-AAB0-A773636062CE}.RelWithDebInfo|x64.Build.0 = RelWithDebInfo|x64
		{A7429D9A-97A1-3B5F-A5B2-B887567264F1}.Debug|x64.ActiveCfg = Debug|x64
		{A7429D9A-97A1-3B5F-A5B2-B887567264F1}.Debug|x64.Build.0 = Debug|x64
		{A7429D9A-97A1-3B5F-A5B2-B887567264F1}.Release|x64.ActiveCfg = Release|x64
		{A7429D9A-97A1-3B5F-A5B2-B887567264F1}.Release|x64.Build.0 = Release|x64
		{A7429D9A-97A1-3B5F-A5B2-B887567264F1}.MinSizeRel|x64.ActiveCfg = MinSizeRel|x64
		{A7429D9A-97A1-3B5F-A5B2-B887567264F1}.MinSizeRel|x64.Build.0 = MinSizeRel|x64
		{A7429D9A-97A1-3B5F-A5B2-B887567264F1}.RelWithDebInfo|x64.ActiveCfg = RelWithDebInfo|x64
		{A7429D9A-97A1-3B5F-A5B2-B887567264F1}.RelWithDebInfo|x64.Build.0 = RelWithDebInfo|x64
		{77B9F902-1B40-365B-BE0D-1FA8136BD4BB}.Debug|x64.ActiveCfg = Debug|x64
		{77B9F902-1B40-365B-BE0D-1FA8136BD4BB}.Debug|x64.Build.0 = Debug|x64
		{77B9F902-1B40-365B-BE0D-1FA8136BD4BB}.Release|x64.ActiveCfg = Release|x64
		{77B9F902-1B40-365B-BE0D-1FA8136BD4BB}.Release|x64.Build.0 = Release|x64
		{77B9F902-1B40-365B-BE0D-1FA8136BD4BB}.MinSizeRel|x64.ActiveCfg = MinSizeRel|x64
		{77B9F902-1B40-365B-BE0D-1FA8136BD4BB}.MinSizeRel|x64.Build.0 = MinSizeRel|x64
		{77B9F902-1B40-365B-BE0D-1FA8136BD4BB}.RelWithDebInfo|x64.ActiveCfg = RelWithDebInfo|x64
		{77B9F902-1B40-365B-BE0D-1FA8136BD4BB}.RelWithDebInfo|x64.Build.0 = RelWithDebInfo|x64
		{EBD3461A-FB00-3E74-B12E-0C0C6C3B8C6D}.Debug|x64.ActiveCfg = Debug|x64
		{EBD3461A-FB00-3E74-B12E-0C0C6C3B8C6D}.Debug|x64.Build.0 = Debug|x64
		{EBD3461A-FB00-3E74-B12E-0C0C6C3B8C6D}.Release|x64.ActiveCfg = Release|x64
		{EBD3461A-FB00-3E74-B12E-0C0C6C3B8C6D}.Release|x64.Build.0 = Release|x64
		{EBD3461A-FB00-3E74-B12E-0C0C6C3B8C6D}.MinSizeRel|x64.ActiveCfg = MinSizeRel|x64
		{EBD3461A-FB00-3E74-B12E-0C0C6C3B8C6D}.MinSizeRel|x64.Build.0 = MinSizeRel|x64
		{EBD3461A-FB00-3E74-B12E-0C0C6C3B8C6D}.RelWithDebInfo|x64.ActiveCfg = RelWithDebInfo|x64
		{EBD3461A-FB00-3E74-B12E-0C0C6C3B8C6D}.RelWithDebInfo|x64.Build.0 = RelWithDebInfo|x64
		{13C69A9C-9F3E-3E4B-B8B5-98C8B1F92399}.Debug|x64.ActiveCfg = Debug|x64
		{13C69A9C-9F3E-3E4B-B8B5-98C8B1F92399}.Debug|x64.Build.0 = Debug|x64
		{13C69A9C-9F3E-3E4B-B8B5-98C8B1F92399}.Release|x64.ActiveCfg = Release|x64
		{13C69A9C-9F3E-3E4B-B8B5-98C8B1F92399}.Release|x64.Build.0 = Release|x64
		{13C69A9C-9F3E-3E4B-B8B5-98C8B1F92399}.MinSizeRel|x64.ActiveCfg = MinSizeRel|x64
		{13C69A9C-9F3E-3E4B-B8B5-98C8B1F92399}.MinSizeRel|x64.Build.0 = MinSizeRel|x64
		{13C69A9C-9F3E-3E4B-B8B5-98C8B1F92399}.RelWithDebInfo|x64.ActiveCfg = RelWithDebInfo|x64
		{13C69A9C-9F3E-3E4B-B8B5-98C8B1F92399}.RelWithDebInfo|x64.Build.0 = RelWithDebInfo|x64
		{9761A06E-F4BB-3CC3-9E56-31EE842C8DFA}.Debug|x64.ActiveCfg = Debug|x64
		{9761A06E-F4BB-3CC3-9E56-31EE842C8DFA}.Debug|x64.Build.0 = Debug|x64
		{9761A06E-F4BB-3CC3-9E56-31EE842C8DFA}.Release|x64.ActiveCfg = Release|x64
		{9761A06E-F4BB-3CC3-9E56-31EE842C8DFA}.Release|x64.Build.0 = Release|x64
		{9761A06E-F4BB-3CC3-9E56-31EE842C8DFA}.MinSizeRel|x64.ActiveCfg = MinSizeRel|x64
		{9761A06E-F4BB-3CC3-9E56-31EE842C8DFA}.MinSizeRel|x64.Build.0 = MinSizeRel|x64
		{9761A06E-F4BB-3CC3-9E56-31EE842C8DFA}.RelWithDebInfo|x64.ActiveCfg = RelWithDebInfo|x64
		{9761A06E-F4BB-3CC3-9E56-31EE842C8DFA}.RelWithDebInfo|x64.Build.0 = RelWithDebInfo|x64
		{9DE9DBBD-98C0-3070-B7E7-1ED1BFA08C0C}.Debug|x64.ActiveCfg = Debug|x64
		{9DE9DBBD-98C0-3070-B7E7-1ED1BFA08C0C}.Debug|x64.Build.0 = Debug|x64
		{9DE9DBBD-98C0-3070-B7E7-1ED1BFA08C0C}.Release|x64.ActiveCfg = Release|x64
		{9DE9DBBD-98C0-3070-B7E7-1ED1BFA08C0C}.Release|x64.Build.0 = Release|x64
		{9DE9DBBD-98C0-3070-B7E7-1ED1BFA08C0C}.MinSizeRel|x64.ActiveCfg = MinSizeRel|x64
		{9DE9DBBD-98C0-3070-B7E7-1ED1BFA08C0C}.MinSizeRel|x64.Build.0 = MinSizeRel|x64
		{9DE9DBBD-98C0-3070-B7E7-1ED1BFA08C0C}.RelWithDebInfo|x64.ActiveCfg = RelWithDebInfo|x64
		{9DE9DBBD-98C0-3070-B7E7-1ED1BFA08C0C}.RelWithDebInfo|x64.Build.0 = RelWithDebInfo|x64
		{8E985A89-94EF-3FE8-BF64-1818D6751750}.Debug|x64.ActiveCfg = Debug|x64
		{8E985A89-94EF-3FE8-BF64-1818D6751750}.Debug|x64.Build.0 = Debug|x64
		{8E985A89-94EF-3FE8-BF64-1818D6751750}.Release|x64.ActiveCfg = Release|x64
		{8E985A89-94EF-3FE8-BF64-1818D6751750}.Release|x64.Build.0 = Release|x64
		{8E985A89-94EF-3FE8-BF64-1818D6751750}.MinSizeRel|x64.ActiveCfg = MinSizeRel|x64
		{8E985A89-94EF-3FE8-BF64-1818D6751750}.MinSizeRel|x64.Build.0 = MinSizeRel|x64
		{8E985A89-94EF-3FE8-BF64-1818D6751750}.RelWithDebInfo|x64.ActiveCfg = RelWithDebInfo|x64
		{8E985A89-94EF-3FE8-BF64-1818D6751750}.RelWithDebInfo|x64.Build.0 = RelWithDebInfo|x64
		{D238B4A9-29DC-3608-AB25-4AFFEE8954B9}.Debug|x64.ActiveCfg = Debug|x64
		{D238B4A9-29DC-3608-AB25-4AFFEE8954B9}.Debug|x64.Build.0 = Debug|x64
		{D238B4A9-29DC-3608-AB25-4AFFEE8954B9}.Release|x64.ActiveCfg = Release|x64
		{D238B4A9-29DC-3608-AB25-4AFFEE8954B9}.Release|x64.Build.0 = Release|x64
		{D238B4A9-29DC-3608-AB25-4AFFEE8954B9}.MinSizeRel|x64.ActiveCfg = MinSizeRel|x64
		{D238B4A9-29DC-3608-AB25-4AFFEE8954B9}.MinSizeRel|x64.Build.0 = MinSizeRel|x64
		{D238B4A9-29DC-3608-AB25-4AFFEE8954B9}.RelWithDebInfo|x64.ActiveCfg = RelWithDebInfo|x64
		{D238B4A9-29DC-3608-AB25-4AFFEE8954B9}.RelWithDebInfo|x64.Build.0 = RelWithDebInfo|x64
		{D989DCE8-BFAD-3FF5-8401-10A2654788B9}.Debug|x64.ActiveCfg = Debug|x64
		{D989DCE8-BFAD-3FF5-8401-10A2654788B9}.Debug|x64.Build.0 = Debug|x64
		{D989DCE8-BFAD-3FF5-8401-10A2654788B9}.Release|x64.ActiveCfg = Release|x64
		{D989DCE8-BFAD-3FF5-8401-10A2654788B9}.Release|x64.Build.0 = Release|x64
		{D989DCE8-BFAD-3FF5-8401-10A2654788B9}.MinSizeRel|x64.ActiveCfg = MinSizeRel|x64
		{D989DCE8-BFAD-3FF5-8401-10A2654788B9}.MinSizeRel|x64.Build.0 = MinSizeRel|x64
		{D989DCE8-BFAD-3FF5-8401-10A2654788B9}.RelWithDebInfo|x64.ActiveCfg = RelWithDebInfo|x64
		{D989DCE8-BFAD-3FF5-8401-10A2654788B9}.RelWithDebInfo|x64.Build.0 = RelWithDebInfo|x64
		{F4C9F760-1D0A-3925-B140-02EC12C8B56A}.Debug|x64.ActiveCfg = Debug|x64
		{F4C9F760-1D0A-3925-B140-02EC12C8B56A}.Debug|x64.Build.0 = Debug|x64
		{F4C9F760-1D0A-3925-B140-02EC12C8B56A}.Release|x64.ActiveCfg = Release|x64
		{F4C9F760-1D0A-3925-B140-02EC12C8B56A}.Release|x64.Build.0 = Release|x64
		{F4C9F760-1D0A-3925-B140-02EC12C8B56A}.MinSizeRel|x64.ActiveCfg = MinSizeRel|x64
		{F4C9F760-1D0A-3925-B140-02EC12C8B56A}.MinSizeRel|x64.Build.0 = MinSizeRel|x64
		{F4C9F760-1D0A-3925-B140-02EC12C8B56A}.RelWithDebInfo|x64.ActiveCfg = RelWithDebInfo|x64
		{F4C9F760-1D0A-3925-B140-02EC12C8B56A}.RelWithDebInfo|x64.Build.0 = RelWithDebInfo|x64
		{9F4C83DD-CCE2-3BF7-9F85-9997E6D6ACAA}.Debug|x64.ActiveCfg = Debug|x64
		{9F4C83DD-CCE2-3BF7-9F85-9997E6D6ACAA}.Debug|x64.Build.0 = Debug|x64
		{9F4C83DD-CCE2-3BF7-9F85-9997E6D6ACAA}.Release|x64.ActiveCfg = Release|x64
		{9F4C83DD-CCE2-3BF7-9F85-9997E6D6ACAA}.Release|x64.Build.0 = Release|x64
		{9F4C83DD-CCE2-3BF7-9F85-9997E6D6ACAA}.MinSizeRel|x64.ActiveCfg = MinSizeRel|x64
		{9F4C83DD-CCE2-3BF7-9F85-9997E6D6ACAA}.MinSizeRel|x64.Build.0 = MinSizeRel|x64
		{9F4C83DD-CCE2-3BF7-9F85-9997E6D6ACAA}.RelWithDebInfo|x64.ActiveCfg = RelWithDebInfo|x64
		{9F4C83DD-CCE2-3BF7-9F85-9997E6D6ACAA}.RelWithDebInfo|x64.Build.0 = RelWithDebInfo|x64
		{4B2F6D1B-616F-3157-B921-E98DB4BBA8AC}.Debug|x64.ActiveCfg = Debug|x64
		{4B2F6D1B-616F-3157-B921-E98DB4BBA8AC}.Debug|x64.Build.0 = Debug|x64
		{4B2F6D1B-616F-3157-B921-E98DB4BBA8AC}.Release|x64.ActiveCfg = Release|x64
		{4B2F6D1B-616F-3157-B921-E98DB4BBA8AC}.Release|x64.Build.0 = Release|x64
		{4B2F6D1B-616F-3157-B921-E98DB4BBA8AC}.MinSizeRel|x64.ActiveCfg = MinSizeRel|x64
		{4B2F6D1B-616F-3157-B921-E98DB4BBA8AC}.MinSizeRel|x64.Build.0 = MinSizeRel|x64
		{4B2F6D1B-616F-3157-B921-E98DB4BBA8AC}.RelWithDebInfo|x64.ActiveCfg = RelWithDebInfo|x64
		{4B2F6D1B-616F-3157-B921-E98DB4BBA8AC}.RelWithDebInfo|x64.Build.0 = RelWithDebInfo|x64
		{EDAD05CF-171C-3C56-9A59-8C8E4D8A5F61}.Debug|x64.ActiveCfg = Debug|x64
		{EDAD05CF-171C-3C56-9A59-8C8E4D8A5F61}.Debug|x64.Build.0 = Debug|x64
		{EDAD05CF-171C-3C56-9A59-8C8E4D8A5F61}.Release|x64.ActiveCfg = Release|x64
		{EDAD05CF-171C-3C56-9A59-8C8E4D8A5F61}.Release|x64.Build.0 = Release|x64
		{EDAD05CF-171C-3C56-9A59-8C8E4D8A5F61}.MinSizeRel|x64.ActiveCfg = MinSizeRel|x64
		{EDAD05CF-171C-3C56-9A59-8C8E4D8A5F61}.MinSizeRel|x64.Build.0 = MinSizeRel|x64
		{EDAD05CF-171C-3C56-9A59-8C8E4D8A5F61}.RelWithDebInfo|x64.ActiveCfg = RelWithDebInfo|x64
		{EDAD05CF-171C-3C56-9A59-8C8E4D8A5F61}.RelWithDebInfo|x64.Build.0 = RelWithDebInfo|x64
		{64A35F30-75D5-313D-8E97-3BE908293E21}.Debug|x64.ActiveCfg = Debug|x64
		{64A35F30-75D5-313D-8E97-3BE908293E21}.Debug|x64.Build.0 = Debug|x64
		{64A35F30-75D5-313D-8E97-3BE908293E21}.Release|x64.ActiveCfg = Release|x64
		{64A35F30-75D5-313D-8E97-3BE908293E21}.Release|x64.Build.0 = Release|x64
		{64A35F30-75D5-313D-8E97-3BE908293E21}.MinSizeRel|x64.ActiveCfg = MinSizeRel|x64
		{64A35F30-75D5-313D-8E97-3BE908293E21}.MinSizeRel|x64.Build.0 = MinSizeRel|x64
		{64A35F30-75D5-313D-8E97-3BE908293E21}.RelWithDebInfo|x64.ActiveCfg = RelWithDebInfo|x64
		{64A35F30-75D5-313D-8E97-3BE908293E21}.RelWithDebInfo|x64.Build.0 = RelWithDebInfo|x64
		{4BB27C12-5172-3832-AAB4-BC6BFBA6E57B}.Debug|x64.ActiveCfg = Debug|x64
		{4BB27C12-5172-3832-AAB4-BC6BFBA6E57B}.Debug|x64.Build.0 = Debug|x64
		{4BB27C12-5172-3832-AAB4-BC6BFBA6E57B}.Release|x64.ActiveCfg = Release|x64
		{4BB27C12-5172-3832-AAB4-BC6BFBA6E57B}.Release|x64.Build.0 = Release|x64
		{4BB27C12-5172-3832-AAB4-BC6BFBA6E57B}.MinSizeRel|x64.ActiveCfg = MinSizeRel|x64
		{4BB27C12-5172-3832-AAB4-BC6BFBA6E57B}.MinSizeRel|x64.Build.0 = MinSizeRel|x64
		{4BB27C12-5172-3832-AAB4-BC6BFBA6E57B}.RelWithDebInfo|x64.ActiveCfg = RelWithDebInfo|x64
		{4BB27C12-5172-3832-AAB4-BC6BFBA6E57B}.RelWithDebInfo|x64.Build.0 = RelWithDebInfo|x64
		{3A90B44A-D3CD-3359-B917-F631624DF072}.Debug|x64.ActiveCfg = Debug|x64
		{3A90B44A-D3CD-3359-B917-F631624DF072}.Debug|x64.Build.0 = Debug|x64
		{3A90B44A-D3CD-3359-B917-F631624DF072}.Release|x64.ActiveCfg = Release|x64
		{3A90B44A-D3CD-3359-B917-F631624DF072}.Release|x64.Build.0 = Release|x64
		{3A90B44A-D3CD-3359-B917-F631624DF072}.MinSizeRel|x64.ActiveCfg = MinSizeRel|x64
		{3A90B44A-D3CD-3359-B917-F631624DF072}.MinSizeRel|x64.Build.0 = MinSizeRel|x64
		{3A90B44A-D3CD-3359-B917-F631624DF072}.RelWithDebInfo|x64.ActiveCfg = RelWithDebInfo|x64
		{3A90B44A-D3CD-3359-B917-F631624DF072}.RelWithDebInfo|x64.Build.0 = RelWithDebInfo|x64
		{0261CBA7-85B8-35A8-A1C6-A2CB467882C7}.Debug|x64.ActiveCfg = Debug|x64
		{0261CBA7-85B8-35A8-A1C6-A2CB467882C7}.Debug|x64.Build.0 = Debug|x64
		{0261CBA7-85B8-35A8-A1C6-A2CB467882C7}.Release|x64.ActiveCfg = Release|x64
		{0261CBA7-85B8-35A8-A1C6-A2CB467882C7}.Release|x64.Build.0 = Release|x64
		{0261CBA7-85B8-35A8-A1C6-A2CB467882C7}.MinSizeRel|x64.ActiveCfg = MinSizeRel|x64
		{0261CBA7-85B8-35A8-A1C6-A2CB467882C7}.MinSizeRel|x64.Build.0 = MinSizeRel|x64
		{0261CBA7-85B8-35A8-A1C6-A2CB467882C7}.RelWithDebInfo|x64.ActiveCfg = RelWithDebInfo|x64
		{0261CBA7-85B8-35A8-A1C6-A2CB467882C7}.RelWithDebInfo|x64.Build.0 = RelWithDebInfo|x64
		{D53B2BA8-AFC8-3C07-9B14-0F695E0EC167}.Debug|x64.ActiveCfg = Debug|x64
		{D53B2BA8-AFC8-3C07-9B14-0F695E0EC167}.Debug|x64.Build.0 = Debug|x64
		{D53B2BA8-AFC8-3C07-9B14-0F695E0EC167}.Release|x64.ActiveCfg = Release|x64
		{D53B2BA8-AFC8-3C07-9B14-0F695E0EC167}.Release|x64.Build.0 = Release|x64
		{D53B2BA8-AFC8-3C07-9B14-0F695E0EC167}.MinSizeRel|x64.ActiveCfg = MinSizeRel|x64
		{D53B2BA8-AFC8-3C07-9B14-0F695E0EC167}.MinSizeRel|x64.Build.0 = MinSizeRel|x64
		{D53B2BA8-AFC8-3C07-9B14-0F695E0EC167}.RelWithDebInfo|x64.ActiveCfg = RelWithDebInfo|x64
		{D53B2BA8-AFC8-3C07-9B14-0F695E0EC167}.RelWithDebInfo|x64.Build.0 = RelWithDebInfo|x64
		{3C9D657A-263A-36C0-B058-287A46E5959B}.Debug|x64.ActiveCfg = Debug|x64
		{3C9D657A-263A-36C0-B058-287A46E5959B}.Debug|x64.Build.0 = Debug|x64
		{3C9D657A-263A-36C0-B058-287A46E5959B}.Release|x64.ActiveCfg = Release|x64
		{3C9D657A-263A-36C0-B058-287A46E5959B}.Release|x64.Build.0 = Release|x64
		{3C9D657A-263A-36C0-B058-287A46E5959B}.MinSizeRel|x64.ActiveCfg = MinSizeRel|x64
		{3C9D657A-263A-36C0-B058-287A46E5959B}.MinSizeRel|x64.Build.0 = MinSizeRel|x64
		{3C9D657A-263A-36C0-B058-287A46E5959B}.RelWithDebInfo|x64.ActiveCfg = RelWithDebInfo|x64
		{3C9D657A-263A-36C0-B058-287A46E5959B}.RelWithDebInfo|x64.Build.0 = RelWithDebInfo|x64
		{615AB8F2-B389-32CE-BBE8-37A0A05251F1}.Debug|x64.ActiveCfg = Debug|x64
		{615AB8F2-B389-32CE-BBE8-37A0A05251F1}.Debug|x64.Build.0 = Debug|x64
		{615AB8F2-B389-32CE-BBE8-37A0A05251F1}.Release|x64.ActiveCfg = Release|x64
		{615AB8F2-B389-32CE-BBE8-37A0A05251F1}.Release|x64.Build.0 = Release|x64
		{615AB8F2-B389-32CE-BBE8-37A0A05251F1}.MinSizeRel|x64.ActiveCfg = MinSizeRel|x64
		{615AB8F2-B389-32CE-BBE8-37A0A05251F1}.MinSizeRel|x64.Build.0 = MinSizeRel|x64
		{615AB8F2-B389-32CE-BBE8-37A0A05251F1}.RelWithDebInfo|x64.ActiveCfg = RelWithDebInfo|x64
		{615AB8F2-B389-32CE-BBE8-37A0A05251F1}.RelWithDebInfo|x64.Build.0 = RelWithDebInfo|x64
		{252AC784-BC5F-36C9-A416-ED0C09783322}.Debug|x64.ActiveCfg = Debug|x64
		{252AC784-BC5F-36C9-A416-ED0C09783322}.Debug|x64.Build.0 = Debug|x64
		{252AC784-BC5F-36C9-A416-ED0C09783322}.Release|x64.ActiveCfg = Release|x64
		{252AC784-BC5F-36C9-A416-ED0C09783322}.Release|x64.Build.0 = Release|x64
		{252AC784-BC5F-36C9-A416-ED0C09783322}.MinSizeRel|x64.ActiveCfg = MinSizeRel|x64
		{252AC784-BC5F-36C9-A416-ED0C09783322}.MinSizeRel|x64.Build.0 = MinSizeRel|x64
		{252AC784-BC5F-36C9-A416-ED0C09783322}.RelWithDebInfo|x64.ActiveCfg = RelWithDebInfo|x64
		{252AC784-BC5F-36C9-A416-ED0C09783322}.RelWithDebInfo|x64.Build.0 = RelWithDebInfo|x64
		{0CCBD36F-4055-3CF7-9ADE-ADAB5C010556}.Debug|x64.ActiveCfg = Debug|x64
		{0CCBD36F-4055-3CF7-9ADE-ADAB5C010556}.Debug|x64.Build.0 = Debug|x64
		{0CCBD36F-4055-3CF7-9ADE-ADAB5C010556}.Release|x64.ActiveCfg = Release|x64
		{0CCBD36F-4055-3CF7-9ADE-ADAB5C010556}.Release|x64.Build.0 = Release|x64
		{0CCBD36F-4055-3CF7-9ADE-ADAB5C010556}.MinSizeRel|x64.ActiveCfg = MinSizeRel|x64
		{0CCBD36F-4055-3CF7-9ADE-ADAB5C010556}.MinSizeRel|x64.Build.0 = MinSizeRel|x64
		{0CCBD36F-4055-3CF7-9ADE-ADAB5C010556}.RelWithDebInfo|x64.ActiveCfg = RelWithDebInfo|x64
		{0CCBD36F-4055-3CF7-9ADE-ADAB5C010556}.RelWithDebInfo|x64.Build.0 = RelWithDebInfo|x64
		{A8E016F7-557E-3EF2-B30E-0BE3FA4A38BA}.Debug|x64.ActiveCfg = Debug|x64
		{A8E016F7-557E-3EF2-B30E-0BE3FA4A38BA}.Debug|x64.Build.0 = Debug|x64
		{A8E016F7-557E-3EF2-B30E-0BE3FA4A38BA}.Release|x64.ActiveCfg = Release|x64
		{A8E016F7-557E-3EF2-B30E-0BE3FA4A38BA}.Release|x64.Build.0 = Release|x64
		{A8E016F7-557E-3EF2-B30E-0BE3FA4A38BA}.MinSizeRel|x64.ActiveCfg = MinSizeRel|x64
		{A8E016F7-557E-3EF2-B30E-0BE3FA4A38BA}.MinSizeRel|x64.Build.0 = MinSizeRel|x64
		{A8E016F7-557E-3EF2-B30E-0BE3FA4A38BA}.RelWithDebInfo|x64.ActiveCfg = RelWithDebInfo|x64
		{A8E016F7-557E-3EF2-B30E-0BE3FA4A38BA}.RelWithDebInfo|x64.Build.0 = RelWithDebInfo|x64
		{52709540-B3D6-3C15-A852-7A166D132D10}.Debug|x64.ActiveCfg = Debug|x64
		{52709540-B3D6-3C15-A852-7A166D132D10}.Debug|x64.Build.0 = Debug|x64
		{52709540-B3D6-3C15-A852-7A166D132D10}.Release|x64.ActiveCfg = Release|x64
		{52709540-B3D6-3C15-A852-7A166D132D10}.Release|x64.Build.0 = Release|x64
		{52709540-B3D6-3C15-A852-7A166D132D10}.MinSizeRel|x64.ActiveCfg = MinSizeRel|x64
		{52709540-B3D6-3C15-A852-7A166D132D10}.MinSizeRel|x64.Build.0 = MinSizeRel|x64
		{52709540-B3D6-3C15-A852-7A166D132D10}.RelWithDebInfo|x64.ActiveCfg = RelWithDebInfo|x64
		{52709540-B3D6-3C15-A852-7A166D132D10}.RelWithDebInfo|x64.Build.0 = RelWithDebInfo|x64
		{B3A47AC1-4C0A-3049-93CF-2CC022BC51C6}.Debug|x64.ActiveCfg = Debug|x64
		{B3A47AC1-4C0A-3049-93CF-2CC022BC51C6}.Debug|x64.Build.0 = Debug|x64
		{B3A47AC1-4C0A-3049-93CF-2CC022BC51C6}.Release|x64.ActiveCfg = Release|x64
		{B3A47AC1-4C0A-3049-93CF-2CC022BC51C6}.Release|x64.Build.0 = Release|x64
		{B3A47AC1-4C0A-3049-93CF-2CC022BC51C6}.MinSizeRel|x64.ActiveCfg = MinSizeRel|x64
		{B3A47AC1-4C0A-3049-93CF-2CC022BC51C6}.MinSizeRel|x64.Build.0 = MinSizeRel|x64
		{B3A47AC1-4C0A-3049-93CF-2CC022BC51C6}.RelWithDebInfo|x64.ActiveCfg = RelWithDebInfo|x64
		{B3A47AC1-4C0A-3049-93CF-2CC022BC51C6}.RelWithDebInfo|x64.Build.0 = RelWithDebInfo|x64
		{8F8DCC98-8F5B-3F3C-9E53-677C5A54476C}.Debug|x64.ActiveCfg = Debug|x64
		{8F8DCC98-8F5B-3F3C-9E53-677C5A54476C}.Debug|x64.Build.0 = Debug|x64
		{8F8DCC98-8F5B-3F3C-9E53-677C5A54476C}.Release|x64.ActiveCfg = Release|x64
		{8F8DCC98-8F5B-3F3C-9E53-677C5A54476C}.Release|x64.Build.0 = Release|x64
		{8F8DCC98-8F5B-3F3C-9E53-677C5A54476C}.MinSizeRel|x64.ActiveCfg = MinSizeRel|x64
		{8F8DCC98-8F5B-3F3C-9E53-677C5A54476C}.MinSizeRel|x64.Build.0 = MinSizeRel|x64
		{8F8DCC98-8F5B-3F3C-9E53-677C5A54476C}.RelWithDebInfo|x64.ActiveCfg = RelWithDebInfo|x64
		{8F8DCC98-8F5B-3F3C-9E53-677C5A54476C}.RelWithDebInfo|x64.Build.0 = RelWithDebInfo|x64
		{CA63ADE1-1A6E-3A99-A704-818411AC2DE3}.Debug|x64.ActiveCfg = Debug|x64
		{CA63ADE1-1A6E-3A99-A704-818411AC2DE3}.Debug|x64.Build.0 = Debug|x64
		{CA63ADE1-1A6E-3A99-A704-818411AC2DE3}.Release|x64.ActiveCfg = Release|x64
		{CA63ADE1-1A6E-3A99-A704-818411AC2DE3}.Release|x64.Build.0 = Release|x64
		{CA63ADE1-1A6E-3A99-A704-818411AC2DE3}.MinSizeRel|x64.ActiveCfg = MinSizeRel|x64
		{CA63ADE1-1A6E-3A99-A704-818411AC2DE3}.MinSizeRel|x64.Build.0 = MinSizeRel|x64
		{CA63ADE1-1A6E-3A99-A704-818411AC2DE3}.RelWithDebInfo|x64.ActiveCfg = RelWithDebInfo|x64
		{CA63ADE1-1A6E-3A99-A704-818411AC2DE3}.RelWithDebInfo|x64.Build.0 = RelWithDebInfo|x64
		{FB72CC20-A4E8-341C-8745-354E4DEDBABA}.Debug|x64.ActiveCfg = Debug|x64
		{FB72CC20-A4E8-341C-8745-354E4DEDBABA}.Debug|x64.Build.0 = Debug|x64
		{FB72CC20-A4E8-341C-8745-354E4DEDBABA}.Release|x64.ActiveCfg = Release|x64
		{FB72CC20-A4E8-341C-8745-354E4DEDBABA}.Release|x64.Build.0 = Release|x64
		{FB72CC20-A4E8-341C-8745-354E4DEDBABA}.MinSizeRel|x64.ActiveCfg = MinSizeRel|x64
		{FB72CC20-A4E8-341C-8745-354E4DEDBABA}.MinSizeRel|x64.Build.0 = MinSizeRel|x64
		{FB72CC20-A4E8-341C-8745-354E4DEDBABA}.RelWithDebInfo|x64.ActiveCfg = RelWithDebInfo|x64
		{FB72CC20-A4E8-341C-8745-354E4DEDBABA}.RelWithDebInfo|x64.Build.0 = RelWithDebInfo|x64
		{D87E6607-F9E6-3DFB-993C-5EA1774A1A6A}.Debug|x64.ActiveCfg = Debug|x64
		{D87E6607-F9E6-3DFB-993C-5EA1774A1A6A}.Release|x64.ActiveCfg = Release|x64
		{D87E6607-F9E6-3DFB-993C-5EA1774A1A6A}.MinSizeRel|x64.ActiveCfg = MinSizeRel|x64
		{D87E6607-F9E6-3DFB-993C-5EA1774A1A6A}.RelWithDebInfo|x64.ActiveCfg = RelWithDebInfo|x64
		{D083734D-07F2-3EBA-94A5-8807A2B6DDFE}.Debug|x64.ActiveCfg = Debug|x64
		{D083734D-07F2-3EBA-94A5-8807A2B6DDFE}.Debug|x64.Build.0 = Debug|x64
		{D083734D-07F2-3EBA-94A5-8807A2B6DDFE}.Release|x64.ActiveCfg = Release|x64
		{D083734D-07F2-3EBA-94A5-8807A2B6DDFE}.Release|x64.Build.0 = Release|x64
		{D083734D-07F2-3EBA-94A5-8807A2B6DDFE}.MinSizeRel|x64.ActiveCfg = MinSizeRel|x64
		{D083734D-07F2-3EBA-94A5-8807A2B6DDFE}.MinSizeRel|x64.Build.0 = MinSizeRel|x64
		{D083734D-07F2-3EBA-94A5-8807A2B6DDFE}.RelWithDebInfo|x64.ActiveCfg = RelWithDebInfo|x64
		{D083734D-07F2-3EBA-94A5-8807A2B6DDFE}.RelWithDebInfo|x64.Build.0 = RelWithDebInfo|x64
		{D353EEC2-45A2-35F1-AE99-9A02FB2756F2}.Debug|x64.ActiveCfg = Debug|x64
		{D353EEC2-45A2-35F1-AE99-9A02FB2756F2}.Release|x64.ActiveCfg = Release|x64
		{D353EEC2-45A2-35F1-AE99-9A02FB2756F2}.MinSizeRel|x64.ActiveCfg = MinSizeRel|x64
		{D353EEC2-45A2-35F1-AE99-9A02FB2756F2}.RelWithDebInfo|x64.ActiveCfg = RelWithDebInfo|x64
		{D158D136-9407-34B3-90CE-206DCD369E23}.Debug|x64.ActiveCfg = Debug|x64
		{D158D136-9407-34B3-90CE-206DCD369E23}.Debug|x64.Build.0 = Debug|x64
		{D158D136-9407-34B3-90CE-206DCD369E23}.Release|x64.ActiveCfg = Release|x64
		{D158D136-9407-34B3-90CE-206DCD369E23}.Release|x64.Build.0 = Release|x64
		{D158D136-9407-34B3-90CE-206DCD369E23}.MinSizeRel|x64.ActiveCfg = MinSizeRel|x64
		{D158D136-9407-34B3-90CE-206DCD369E23}.MinSizeRel|x64.Build.0 = MinSizeRel|x64
		{D158D136-9407-34B3-90CE-206DCD369E23}.RelWithDebInfo|x64.ActiveCfg = RelWithDebInfo|x64
		{D158D136-9407-34B3-90CE-206DCD369E23}.RelWithDebInfo|x64.Build.0 = RelWithDebInfo|x64
		{0BF53116-8A6B-3DD5-A366-C70FDF55E2D4}.Debug|x64.ActiveCfg = Debug|x64
		{0BF53116-8A6B-3DD5-A366-C70FDF55E2D4}.Debug|x64.Build.0 = Debug|x64
		{0BF53116-8A6B-3DD5-A366-C70FDF55E2D4}.Release|x64.ActiveCfg = Release|x64
		{0BF53116-8A6B-3DD5-A366-C70FDF55E2D4}.Release|x64.Build.0 = Release|x64
		{0BF53116-8A6B-3DD5-A366-C70FDF55E2D4}.MinSizeRel|x64.ActiveCfg = MinSizeRel|x64
		{0BF53116-8A6B-3DD5-A366-C70FDF55E2D4}.MinSizeRel|x64.Build.0 = MinSizeRel|x64
		{0BF53116-8A6B-3DD5-A366-C70FDF55E2D4}.RelWithDebInfo|x64.ActiveCfg = RelWithDebInfo|x64
		{0BF53116-8A6B-3DD5-A366-C70FDF55E2D4}.RelWithDebInfo|x64.Build.0 = RelWithDebInfo|x64
		{CC33520D-54D2-3C54-BE22-E0D4628C33FE}.Debug|x64.ActiveCfg = Debug|x64
		{CC33520D-54D2-3C54-BE22-E0D4628C33FE}.Debug|x64.Build.0 = Debug|x64
		{CC33520D-54D2-3C54-BE22-E0D4628C33FE}.Release|x64.ActiveCfg = Release|x64
		{CC33520D-54D2-3C54-BE22-E0D4628C33FE}.Release|x64.Build.0 = Release|x64
		{CC33520D-54D2-3C54-BE22-E0D4628C33FE}.MinSizeRel|x64.ActiveCfg = MinSizeRel|x64
		{CC33520D-54D2-3C54-BE22-E0D4628C33FE}.MinSizeRel|x64.Build.0 = MinSizeRel|x64
		{CC33520D-54D2-3C54-BE22-E0D4628C33FE}.RelWithDebInfo|x64.ActiveCfg = RelWithDebInfo|x64
		{CC33520D-54D2-3C54-BE22-E0D4628C33FE}.RelWithDebInfo|x64.Build.0 = RelWithDebInfo|x64
	EndGlobalSection
	GlobalSection(NestedProjects) = preSolution
		{696F3996-1F09-382E-902C-022FE42B429D} = {357787D1-01A9-3215-8468-11ABAD3156CC}
		{E3E95576-59DB-3E4B-B29A-0B5CB4C9FCED} = {357787D1-01A9-3215-8468-11ABAD3156CC}
		{859CF45D-5886-356E-8AF7-86BB2E1E47C1} = {357787D1-01A9-3215-8468-11ABAD3156CC}
		{F71A8980-D9E4-3BA1-9486-2270B41AB10E} = {649D0041-380D-3059-83B9-1B80831591D1}
		{E04F7EA4-3043-3634-B9C6-B0C0092CD2BD} = {649D0041-380D-3059-83B9-1B80831591D1}
		{D238B4A9-29DC-3608-AB25-4AFFEE8954B9} = {649D0041-380D-3059-83B9-1B80831591D1}
		{D87E6607-F9E6-3DFB-993C-5EA1774A1A6A} = {649D0041-380D-3059-83B9-1B80831591D1}
		{D353EEC2-45A2-35F1-AE99-9A02FB2756F2} = {649D0041-380D-3059-83B9-1B80831591D1}
		{A7429D9A-97A1-3B5F-A5B2-B887567264F1} = {F71A8980-D9E4-3BA1-9486-2270B41AB10E}
		{8E985A89-94EF-3FE8-BF64-1818D6751750} = {F71A8980-D9E4-3BA1-9486-2270B41AB10E}
		{F4C9F760-1D0A-3925-B140-02EC12C8B56A} = {F71A8980-D9E4-3BA1-9486-2270B41AB10E}
		{0261CBA7-85B8-35A8-A1C6-A2CB467882C7} = {F71A8980-D9E4-3BA1-9486-2270B41AB10E}
		{3C9D657A-263A-36C0-B058-287A46E5959B} = {F71A8980-D9E4-3BA1-9486-2270B41AB10E}
		{252AC784-BC5F-36C9-A416-ED0C09783322} = {F71A8980-D9E4-3BA1-9486-2270B41AB10E}
		{0CCBD36F-4055-3CF7-9ADE-ADAB5C010556} = {F71A8980-D9E4-3BA1-9486-2270B41AB10E}
		{A8E016F7-557E-3EF2-B30E-0BE3FA4A38BA} = {F71A8980-D9E4-3BA1-9486-2270B41AB10E}
		{D158D136-9407-34B3-90CE-206DCD369E23} = {F71A8980-D9E4-3BA1-9486-2270B41AB10E}
		{77B9F902-1B40-365B-BE0D-1FA8136BD4BB} = {E04F7EA4-3043-3634-B9C6-B0C0092CD2BD}
		{EBD3461A-FB00-3E74-B12E-0C0C6C3B8C6D} = {E04F7EA4-3043-3634-B9C6-B0C0092CD2BD}
		{13C69A9C-9F3E-3E4B-B8B5-98C8B1F92399} = {E04F7EA4-3043-3634-B9C6-B0C0092CD2BD}
		{9761A06E-F4BB-3CC3-9E56-31EE842C8DFA} = {E04F7EA4-3043-3634-B9C6-B0C0092CD2BD}
		{9DE9DBBD-98C0-3070-B7E7-1ED1BFA08C0C} = {E04F7EA4-3043-3634-B9C6-B0C0092CD2BD}
		{D989DCE8-BFAD-3FF5-8401-10A2654788B9} = {E04F7EA4-3043-3634-B9C6-B0C0092CD2BD}
		{9F4C83DD-CCE2-3BF7-9F85-9997E6D6ACAA} = {E04F7EA4-3043-3634-B9C6-B0C0092CD2BD}
		{4B2F6D1B-616F-3157-B921-E98DB4BBA8AC} = {E04F7EA4-3043-3634-B9C6-B0C0092CD2BD}
		{EDAD05CF-171C-3C56-9A59-8C8E4D8A5F61} = {E04F7EA4-3043-3634-B9C6-B0C0092CD2BD}
		{64A35F30-75D5-313D-8E97-3BE908293E21} = {E04F7EA4-3043-3634-B9C6-B0C0092CD2BD}
		{4BB27C12-5172-3832-AAB4-BC6BFBA6E57B} = {E04F7EA4-3043-3634-B9C6-B0C0092CD2BD}
		{3A90B44A-D3CD-3359-B917-F631624DF072} = {E04F7EA4-3043-3634-B9C6-B0C0092CD2BD}
		{D53B2BA8-AFC8-3C07-9B14-0F695E0EC167} = {E04F7EA4-3043-3634-B9C6-B0C0092CD2BD}
		{615AB8F2-B389-32CE-BBE8-37A0A05251F1} = {E04F7EA4-3043-3634-B9C6-B0C0092CD2BD}
		{52709540-B3D6-3C15-A852-7A166D132D10} = {E04F7EA4-3043-3634-B9C6-B0C0092CD2BD}
		{B3A47AC1-4C0A-3049-93CF-2CC022BC51C6} = {E04F7EA4-3043-3634-B9C6-B0C0092CD2BD}
		{8F8DCC98-8F5B-3F3C-9E53-677C5A54476C} = {E04F7EA4-3043-3634-B9C6-B0C0092CD2BD}
		{CA63ADE1-1A6E-3A99-A704-818411AC2DE3} = {E04F7EA4-3043-3634-B9C6-B0C0092CD2BD}
		{FB72CC20-A4E8-341C-8745-354E4DEDBABA} = {E04F7EA4-3043-3634-B9C6-B0C0092CD2BD}
		{0BF53116-8A6B-3DD5-A366-C70FDF55E2D4} = {E04F7EA4-3043-3634-B9C6-B0C0092CD2BD}
	EndGlobalSection
	GlobalSection(ExtensibilityGlobals) = postSolution
		SolutionGuid = {87CA5C7D-6B91-3053-AD77-2976A1FFD9DA}
	EndGlobalSection
	GlobalSection(ExtensibilityAddIns) = postSolution
	EndGlobalSection
EndGlobal
